// !$*UTF8*$!
{
	archiveVersion = 1;
	classes = {
	};
	objectVersion = 56;
	objects = {

/* Begin PBXBuildFile section */
		72AC18382A8CDEC200E9246E /* ContentsCategory.swift in Sources */ = {isa = PBXBuildFile; fileRef = 72AC18372A8CDEC200E9246E /* ContentsCategory.swift */; };
		72AC183A2A8CFBE000E9246E /* SeriesViewController.swift in Sources */ = {isa = PBXBuildFile; fileRef = 72AC18392A8CFBE000E9246E /* SeriesViewController.swift */; };
		72AC183F2A8CFD5100E9246E /* HeaderSeriesCollectionReusableView.swift in Sources */ = {isa = PBXBuildFile; fileRef = 72AC183D2A8CFD5100E9246E /* HeaderSeriesCollectionReusableView.swift */; };
		72AC18402A8CFD5100E9246E /* HeaderSeriesCollectionReusableView.xib in Resources */ = {isa = PBXBuildFile; fileRef = 72AC183E2A8CFD5100E9246E /* HeaderSeriesCollectionReusableView.xib */; };
		72AC18432A8CFD8200E9246E /* SeriesCollectionViewCell.swift in Sources */ = {isa = PBXBuildFile; fileRef = 72AC18412A8CFD8200E9246E /* SeriesCollectionViewCell.swift */; };
		72AC18442A8CFD8200E9246E /* SeriesCollectionViewCell.xib in Resources */ = {isa = PBXBuildFile; fileRef = 72AC18422A8CFD8200E9246E /* SeriesCollectionViewCell.xib */; };
		72AC18462A8CFE1A00E9246E /* SeriesCompositionalLayout.swift in Sources */ = {isa = PBXBuildFile; fileRef = 72AC18452A8CFE1A00E9246E /* SeriesCompositionalLayout.swift */; };
		72AC184A2A8DB87400E9246E /* Season.swift in Sources */ = {isa = PBXBuildFile; fileRef = 72AC18492A8DB87400E9246E /* Season.swift */; };
		72AC18592A8F5FB400E9246E /* Resource.swift in Sources */ = {isa = PBXBuildFile; fileRef = 72AC18582A8F5FB400E9246E /* Resource.swift */; };
		72AC185B2A8F60BE00E9246E /* PlaceholderProtocol.swift in Sources */ = {isa = PBXBuildFile; fileRef = 72AC185A2A8F60BE00E9246E /* PlaceholderProtocol.swift */; };
		72C405E12A862E2E0044C891 /* AppDelegate.swift in Sources */ = {isa = PBXBuildFile; fileRef = 72C405E02A862E2E0044C891 /* AppDelegate.swift */; };
		72C405E32A862E2E0044C891 /* SceneDelegate.swift in Sources */ = {isa = PBXBuildFile; fileRef = 72C405E22A862E2E0044C891 /* SceneDelegate.swift */; };
		72C405E52A862E2E0044C891 /* TrendingViewController.swift in Sources */ = {isa = PBXBuildFile; fileRef = 72C405E42A862E2E0044C891 /* TrendingViewController.swift */; };
		72C405E82A862E2E0044C891 /* Main.storyboard in Resources */ = {isa = PBXBuildFile; fileRef = 72C405E62A862E2E0044C891 /* Main.storyboard */; };
		72C405EA2A862E310044C891 /* Assets.xcassets in Resources */ = {isa = PBXBuildFile; fileRef = 72C405E92A862E310044C891 /* Assets.xcassets */; };
		72C405ED2A862E310044C891 /* LaunchScreen.storyboard in Resources */ = {isa = PBXBuildFile; fileRef = 72C405EB2A862E310044C891 /* LaunchScreen.storyboard */; };
		72C405F92A862FED0044C891 /* .gitignore in Resources */ = {isa = PBXBuildFile; fileRef = 72C405F82A862FED0044C891 /* .gitignore */; };
		72C405FD2A8630E10044C891 /* EndPoint.swift in Sources */ = {isa = PBXBuildFile; fileRef = 72C405FC2A8630E10044C891 /* EndPoint.swift */; };
		72C405FF2A8630E90044C891 /* APIKEY.swift in Sources */ = {isa = PBXBuildFile; fileRef = 72C405FE2A8630E90044C891 /* APIKEY.swift */; };
		72C406032A8632040044C891 /* TMDBRequest.swift in Sources */ = {isa = PBXBuildFile; fileRef = 72C406022A8632040044C891 /* TMDBRequest.swift */; };
		72C406052A8632D00044C891 /* Extension+URL.swift in Sources */ = {isa = PBXBuildFile; fileRef = 72C406042A8632D00044C891 /* Extension+URL.swift */; };
		72C406092A8645910044C891 /* Alamofire in Frameworks */ = {isa = PBXBuildFile; productRef = 72C406082A8645910044C891 /* Alamofire */; };
		72C4060B2A8744270044C891 /* APIManager.swift in Sources */ = {isa = PBXBuildFile; fileRef = 72C4060A2A8744270044C891 /* APIManager.swift */; };
		72C4060D2A8747D00044C891 /* Responses.swift in Sources */ = {isa = PBXBuildFile; fileRef = 72C4060C2A8747D00044C891 /* Responses.swift */; };
		72C4060F2A8748A30044C891 /* TMDBError.swift in Sources */ = {isa = PBXBuildFile; fileRef = 72C4060E2A8748A30044C891 /* TMDBError.swift */; };
		72C406142A8760F70044C891 /* TMDBContentsTableViewCell.swift in Sources */ = {isa = PBXBuildFile; fileRef = 72C406132A8760F70044C891 /* TMDBContentsTableViewCell.swift */; };
		72C406162A87611B0044C891 /* Extension+UIViewController.swift in Sources */ = {isa = PBXBuildFile; fileRef = 72C406152A87611B0044C891 /* Extension+UIViewController.swift */; };
		72C406182A8761270044C891 /* Extension+UIView.swift in Sources */ = {isa = PBXBuildFile; fileRef = 72C406172A8761270044C891 /* Extension+UIView.swift */; };
		72C4061A2A8761CA0044C891 /* Identifiable.swift in Sources */ = {isa = PBXBuildFile; fileRef = 72C406192A8761CA0044C891 /* Identifiable.swift */; };
		72C4061D2A876FC40044C891 /* Kingfisher in Frameworks */ = {isa = PBXBuildFile; productRef = 72C4061C2A876FC40044C891 /* Kingfisher */; };
		72C4061F2A87781E0044C891 /* Contents.swift in Sources */ = {isa = PBXBuildFile; fileRef = 72C4061E2A87781E0044C891 /* Contents.swift */; };
		72C406252A8787540044C891 /* Cast.swift in Sources */ = {isa = PBXBuildFile; fileRef = 72C406242A8787540044C891 /* Cast.swift */; };
		72C406272A87B6830044C891 /* CreditViewController.swift in Sources */ = {isa = PBXBuildFile; fileRef = 72C406262A87B6830044C891 /* CreditViewController.swift */; };
		72C4062A2A87B6A80044C891 /* CastCell.swift in Sources */ = {isa = PBXBuildFile; fileRef = 72C406292A87B6A80044C891 /* CastCell.swift */; };
		72C4062C2A87B6B60044C891 /* OverviewCell.swift in Sources */ = {isa = PBXBuildFile; fileRef = 72C4062B2A87B6B60044C891 /* OverviewCell.swift */; };
/* End PBXBuildFile section */

/* Begin PBXFileReference section */
		72AC18372A8CDEC200E9246E /* ContentsCategory.swift */ = {isa = PBXFileReference; lastKnownFileType = sourcecode.swift; path = ContentsCategory.swift; sourceTree = "<group>"; };
		72AC18392A8CFBE000E9246E /* SeriesViewController.swift */ = {isa = PBXFileReference; lastKnownFileType = sourcecode.swift; path = SeriesViewController.swift; sourceTree = "<group>"; };
		72AC183D2A8CFD5100E9246E /* HeaderSeriesCollectionReusableView.swift */ = {isa = PBXFileReference; lastKnownFileType = sourcecode.swift; path = HeaderSeriesCollectionReusableView.swift; sourceTree = "<group>"; };
		72AC183E2A8CFD5100E9246E /* HeaderSeriesCollectionReusableView.xib */ = {isa = PBXFileReference; lastKnownFileType = file.xib; path = HeaderSeriesCollectionReusableView.xib; sourceTree = "<group>"; };
		72AC18412A8CFD8200E9246E /* SeriesCollectionViewCell.swift */ = {isa = PBXFileReference; lastKnownFileType = sourcecode.swift; path = SeriesCollectionViewCell.swift; sourceTree = "<group>"; };
		72AC18422A8CFD8200E9246E /* SeriesCollectionViewCell.xib */ = {isa = PBXFileReference; lastKnownFileType = file.xib; path = SeriesCollectionViewCell.xib; sourceTree = "<group>"; };
		72AC18452A8CFE1A00E9246E /* SeriesCompositionalLayout.swift */ = {isa = PBXFileReference; lastKnownFileType = sourcecode.swift; path = SeriesCompositionalLayout.swift; sourceTree = "<group>"; };
		72AC18492A8DB87400E9246E /* Season.swift */ = {isa = PBXFileReference; lastKnownFileType = sourcecode.swift; path = Season.swift; sourceTree = "<group>"; };
		72AC18582A8F5FB400E9246E /* Resource.swift */ = {isa = PBXFileReference; lastKnownFileType = sourcecode.swift; path = Resource.swift; sourceTree = "<group>"; };
		72AC185A2A8F60BE00E9246E /* PlaceholderProtocol.swift */ = {isa = PBXFileReference; lastKnownFileType = sourcecode.swift; path = PlaceholderProtocol.swift; sourceTree = "<group>"; };
		72C405DD2A862E2E0044C891 /* Media Project.app */ = {isa = PBXFileReference; explicitFileType = wrapper.application; includeInIndex = 0; path = "Media Project.app"; sourceTree = BUILT_PRODUCTS_DIR; };
		72C405E02A862E2E0044C891 /* AppDelegate.swift */ = {isa = PBXFileReference; lastKnownFileType = sourcecode.swift; path = AppDelegate.swift; sourceTree = "<group>"; };
		72C405E22A862E2E0044C891 /* SceneDelegate.swift */ = {isa = PBXFileReference; lastKnownFileType = sourcecode.swift; path = SceneDelegate.swift; sourceTree = "<group>"; };
		72C405E42A862E2E0044C891 /* TrendingViewController.swift */ = {isa = PBXFileReference; lastKnownFileType = sourcecode.swift; path = TrendingViewController.swift; sourceTree = "<group>"; };
		72C405E72A862E2E0044C891 /* Base */ = {isa = PBXFileReference; lastKnownFileType = file.storyboard; name = Base; path = Base.lproj/Main.storyboard; sourceTree = "<group>"; };
		72C405E92A862E310044C891 /* Assets.xcassets */ = {isa = PBXFileReference; lastKnownFileType = folder.assetcatalog; path = Assets.xcassets; sourceTree = "<group>"; };
		72C405EC2A862E310044C891 /* Base */ = {isa = PBXFileReference; lastKnownFileType = file.storyboard; name = Base; path = Base.lproj/LaunchScreen.storyboard; sourceTree = "<group>"; };
		72C405EE2A862E310044C891 /* Info.plist */ = {isa = PBXFileReference; lastKnownFileType = text.plist.xml; path = Info.plist; sourceTree = "<group>"; };
		72C405F82A862FED0044C891 /* .gitignore */ = {isa = PBXFileReference; lastKnownFileType = text; path = .gitignore; sourceTree = "<group>"; };
		72C405FC2A8630E10044C891 /* EndPoint.swift */ = {isa = PBXFileReference; lastKnownFileType = sourcecode.swift; path = EndPoint.swift; sourceTree = "<group>"; };
		72C405FE2A8630E90044C891 /* APIKEY.swift */ = {isa = PBXFileReference; lastKnownFileType = sourcecode.swift; path = APIKEY.swift; sourceTree = "<group>"; };
		72C406022A8632040044C891 /* TMDBRequest.swift */ = {isa = PBXFileReference; lastKnownFileType = sourcecode.swift; path = TMDBRequest.swift; sourceTree = "<group>"; };
		72C406042A8632D00044C891 /* Extension+URL.swift */ = {isa = PBXFileReference; lastKnownFileType = sourcecode.swift; path = "Extension+URL.swift"; sourceTree = "<group>"; };
		72C4060A2A8744270044C891 /* APIManager.swift */ = {isa = PBXFileReference; lastKnownFileType = sourcecode.swift; path = APIManager.swift; sourceTree = "<group>"; };
		72C4060C2A8747D00044C891 /* Responses.swift */ = {isa = PBXFileReference; lastKnownFileType = sourcecode.swift; path = Responses.swift; sourceTree = "<group>"; };
		72C4060E2A8748A30044C891 /* TMDBError.swift */ = {isa = PBXFileReference; lastKnownFileType = sourcecode.swift; path = TMDBError.swift; sourceTree = "<group>"; };
		72C406132A8760F70044C891 /* TMDBContentsTableViewCell.swift */ = {isa = PBXFileReference; lastKnownFileType = sourcecode.swift; path = TMDBContentsTableViewCell.swift; sourceTree = "<group>"; };
		72C406152A87611B0044C891 /* Extension+UIViewController.swift */ = {isa = PBXFileReference; lastKnownFileType = sourcecode.swift; path = "Extension+UIViewController.swift"; sourceTree = "<group>"; };
		72C406172A8761270044C891 /* Extension+UIView.swift */ = {isa = PBXFileReference; lastKnownFileType = sourcecode.swift; path = "Extension+UIView.swift"; sourceTree = "<group>"; };
		72C406192A8761CA0044C891 /* Identifiable.swift */ = {isa = PBXFileReference; lastKnownFileType = sourcecode.swift; path = Identifiable.swift; sourceTree = "<group>"; };
		72C4061E2A87781E0044C891 /* Contents.swift */ = {isa = PBXFileReference; lastKnownFileType = sourcecode.swift; path = Contents.swift; sourceTree = "<group>"; };
		72C406242A8787540044C891 /* Cast.swift */ = {isa = PBXFileReference; lastKnownFileType = sourcecode.swift; path = Cast.swift; sourceTree = "<group>"; };
		72C406262A87B6830044C891 /* CreditViewController.swift */ = {isa = PBXFileReference; lastKnownFileType = sourcecode.swift; path = CreditViewController.swift; sourceTree = "<group>"; };
		72C406292A87B6A80044C891 /* CastCell.swift */ = {isa = PBXFileReference; lastKnownFileType = sourcecode.swift; path = CastCell.swift; sourceTree = "<group>"; };
		72C4062B2A87B6B60044C891 /* OverviewCell.swift */ = {isa = PBXFileReference; lastKnownFileType = sourcecode.swift; path = OverviewCell.swift; sourceTree = "<group>"; };
/* End PBXFileReference section */

/* Begin PBXFrameworksBuildPhase section */
		72C405DA2A862E2E0044C891 /* Frameworks */ = {
			isa = PBXFrameworksBuildPhase;
			buildActionMask = 2147483647;
			files = (
				72C4061D2A876FC40044C891 /* Kingfisher in Frameworks */,
				72C406092A8645910044C891 /* Alamofire in Frameworks */,
			);
			runOnlyForDeploymentPostprocessing = 0;
		};
/* End PBXFrameworksBuildPhase section */

/* Begin PBXGroup section */
		72AC183B2A8CFD2200E9246E /* Series */ = {
			isa = PBXGroup;
			children = (
				72AC18392A8CFBE000E9246E /* SeriesViewController.swift */,
				72AC183D2A8CFD5100E9246E /* HeaderSeriesCollectionReusableView.swift */,
				72AC183E2A8CFD5100E9246E /* HeaderSeriesCollectionReusableView.xib */,
				72AC18412A8CFD8200E9246E /* SeriesCollectionViewCell.swift */,
				72AC18422A8CFD8200E9246E /* SeriesCollectionViewCell.xib */,
				72AC18452A8CFE1A00E9246E /* SeriesCompositionalLayout.swift */,
			);
			path = Series;
			sourceTree = "<group>";
		};
		72C405D42A862E2E0044C891 = {
			isa = PBXGroup;
			children = (
				72C405DF2A862E2E0044C891 /* Media Project */,
				72C405DE2A862E2E0044C891 /* Products */,
			);
			sourceTree = "<group>";
		};
		72C405DE2A862E2E0044C891 /* Products */ = {
			isa = PBXGroup;
			children = (
				72C405DD2A862E2E0044C891 /* Media Project.app */,
			);
			name = Products;
			sourceTree = "<group>";
		};
		72C405DF2A862E2E0044C891 /* Media Project */ = {
			isa = PBXGroup;
			children = (
				72C405E02A862E2E0044C891 /* AppDelegate.swift */,
				72C405E22A862E2E0044C891 /* SceneDelegate.swift */,
				72C406202A8778270044C891 /* Model */,
				72C406282A87B6890044C891 /* Credit */,
				72C406232A8778520044C891 /* Trending */,
				72AC183B2A8CFD2200E9246E /* Series */,
				72C406222A8778470044C891 /* Protocol */,
				72C406212A8778390044C891 /* API */,
				72C406062A8643B80044C891 /* Extension */,
				72C405FC2A8630E10044C891 /* EndPoint.swift */,
				72AC18582A8F5FB400E9246E /* Resource.swift */,
				72C405FE2A8630E90044C891 /* APIKEY.swift */,
				72C405F82A862FED0044C891 /* .gitignore */,
				72C405E62A862E2E0044C891 /* Main.storyboard */,
				72C405E92A862E310044C891 /* Assets.xcassets */,
				72C405EB2A862E310044C891 /* LaunchScreen.storyboard */,
				72C405EE2A862E310044C891 /* Info.plist */,
			);
			path = "Media Project";
			sourceTree = "<group>";
		};
		72C406062A8643B80044C891 /* Extension */ = {
			isa = PBXGroup;
			children = (
				72C406042A8632D00044C891 /* Extension+URL.swift */,
				72C406152A87611B0044C891 /* Extension+UIViewController.swift */,
				72C406172A8761270044C891 /* Extension+UIView.swift */,
			);
			path = Extension;
			sourceTree = "<group>";
		};
		72C406202A8778270044C891 /* Model */ = {
			isa = PBXGroup;
			children = (
				72C4060C2A8747D00044C891 /* Responses.swift */,
				72C4061E2A87781E0044C891 /* Contents.swift */,
				72AC18372A8CDEC200E9246E /* ContentsCategory.swift */,
				72AC18492A8DB87400E9246E /* Season.swift */,
				72C406242A8787540044C891 /* Cast.swift */,
			);
			path = Model;
			sourceTree = "<group>";
		};
		72C406212A8778390044C891 /* API */ = {
			isa = PBXGroup;
			children = (
				72C4060A2A8744270044C891 /* APIManager.swift */,
				72C406022A8632040044C891 /* TMDBRequest.swift */,
				72C4060E2A8748A30044C891 /* TMDBError.swift */,
			);
			path = API;
			sourceTree = "<group>";
		};
		72C406222A8778470044C891 /* Protocol */ = {
			isa = PBXGroup;
			children = (
				72C406192A8761CA0044C891 /* Identifiable.swift */,
				72AC185A2A8F60BE00E9246E /* PlaceholderProtocol.swift */,
			);
			path = Protocol;
			sourceTree = "<group>";
		};
		72C406232A8778520044C891 /* Trending */ = {
			isa = PBXGroup;
			children = (
				72C405E42A862E2E0044C891 /* TrendingViewController.swift */,
				72C406132A8760F70044C891 /* TMDBContentsTableViewCell.swift */,
			);
			path = Trending;
			sourceTree = "<group>";
		};
		72C406282A87B6890044C891 /* Credit */ = {
			isa = PBXGroup;
			children = (
				72C406262A87B6830044C891 /* CreditViewController.swift */,
				72C4062B2A87B6B60044C891 /* OverviewCell.swift */,
				72C406292A87B6A80044C891 /* CastCell.swift */,
			);
			path = Credit;
			sourceTree = "<group>";
		};
/* End PBXGroup section */

/* Begin PBXNativeTarget section */
		72C405DC2A862E2E0044C891 /* Media Project */ = {
			isa = PBXNativeTarget;
			buildConfigurationList = 72C405F12A862E310044C891 /* Build configuration list for PBXNativeTarget "Media Project" */;
			buildPhases = (
				72C405D92A862E2E0044C891 /* Sources */,
				72C405DA2A862E2E0044C891 /* Frameworks */,
				72C405DB2A862E2E0044C891 /* Resources */,
			);
			buildRules = (
			);
			dependencies = (
			);
			name = "Media Project";
			packageProductDependencies = (
				72C406082A8645910044C891 /* Alamofire */,
				72C4061C2A876FC40044C891 /* Kingfisher */,
			);
			productName = "Media Project";
			productReference = 72C405DD2A862E2E0044C891 /* Media Project.app */;
			productType = "com.apple.product-type.application";
		};
/* End PBXNativeTarget section */

/* Begin PBXProject section */
		72C405D52A862E2E0044C891 /* Project object */ = {
			isa = PBXProject;
			attributes = {
				BuildIndependentTargetsInParallel = 1;
				LastSwiftUpdateCheck = 1430;
				LastUpgradeCheck = 1430;
				TargetAttributes = {
					72C405DC2A862E2E0044C891 = {
						CreatedOnToolsVersion = 14.3;
					};
				};
			};
			buildConfigurationList = 72C405D82A862E2E0044C891 /* Build configuration list for PBXProject "Media Project" */;
			compatibilityVersion = "Xcode 14.0";
			developmentRegion = en;
			hasScannedForEncodings = 0;
			knownRegions = (
				en,
				Base,
			);
			mainGroup = 72C405D42A862E2E0044C891;
			packageReferences = (
				72C406072A8645910044C891 /* XCRemoteSwiftPackageReference "Alamofire" */,
				72C4061B2A876FC40044C891 /* XCRemoteSwiftPackageReference "Kingfisher" */,
			);
			productRefGroup = 72C405DE2A862E2E0044C891 /* Products */;
			projectDirPath = "";
			projectRoot = "";
			targets = (
				72C405DC2A862E2E0044C891 /* Media Project */,
			);
		};
/* End PBXProject section */

/* Begin PBXResourcesBuildPhase section */
		72C405DB2A862E2E0044C891 /* Resources */ = {
			isa = PBXResourcesBuildPhase;
			buildActionMask = 2147483647;
			files = (
				72C405ED2A862E310044C891 /* LaunchScreen.storyboard in Resources */,
				72C405EA2A862E310044C891 /* Assets.xcassets in Resources */,
				72AC18402A8CFD5100E9246E /* HeaderSeriesCollectionReusableView.xib in Resources */,
				72C405F92A862FED0044C891 /* .gitignore in Resources */,
				72C405E82A862E2E0044C891 /* Main.storyboard in Resources */,
				72AC18442A8CFD8200E9246E /* SeriesCollectionViewCell.xib in Resources */,
			);
			runOnlyForDeploymentPostprocessing = 0;
		};
/* End PBXResourcesBuildPhase section */

/* Begin PBXSourcesBuildPhase section */
		72C405D92A862E2E0044C891 /* Sources */ = {
			isa = PBXSourcesBuildPhase;
			buildActionMask = 2147483647;
			files = (
				72AC184A2A8DB87400E9246E /* Season.swift in Sources */,
				72C4060B2A8744270044C891 /* APIManager.swift in Sources */,
				72C4060F2A8748A30044C891 /* TMDBError.swift in Sources */,
				72C406052A8632D00044C891 /* Extension+URL.swift in Sources */,
				72C405E52A862E2E0044C891 /* TrendingViewController.swift in Sources */,
				72C405E12A862E2E0044C891 /* AppDelegate.swift in Sources */,
				72C4060D2A8747D00044C891 /* Responses.swift in Sources */,
				72C405FF2A8630E90044C891 /* APIKEY.swift in Sources */,
				72AC18432A8CFD8200E9246E /* SeriesCollectionViewCell.swift in Sources */,
				72C406142A8760F70044C891 /* TMDBContentsTableViewCell.swift in Sources */,
				72C406252A8787540044C891 /* Cast.swift in Sources */,
				72AC183A2A8CFBE000E9246E /* SeriesViewController.swift in Sources */,
				72C406162A87611B0044C891 /* Extension+UIViewController.swift in Sources */,
				72AC18592A8F5FB400E9246E /* Resource.swift in Sources */,
				72C4062A2A87B6A80044C891 /* CastCell.swift in Sources */,
				72AC18382A8CDEC200E9246E /* ContentsCategory.swift in Sources */,
				72AC185B2A8F60BE00E9246E /* PlaceholderProtocol.swift in Sources */,
				72C405FD2A8630E10044C891 /* EndPoint.swift in Sources */,
				72C405E32A862E2E0044C891 /* SceneDelegate.swift in Sources */,
				72AC183F2A8CFD5100E9246E /* HeaderSeriesCollectionReusableView.swift in Sources */,
				72C4062C2A87B6B60044C891 /* OverviewCell.swift in Sources */,
				72C4061A2A8761CA0044C891 /* Identifiable.swift in Sources */,
				72C406032A8632040044C891 /* TMDBRequest.swift in Sources */,
				72AC18462A8CFE1A00E9246E /* SeriesCompositionalLayout.swift in Sources */,
				72C4061F2A87781E0044C891 /* Contents.swift in Sources */,
				72C406182A8761270044C891 /* Extension+UIView.swift in Sources */,
				72C406272A87B6830044C891 /* CreditViewController.swift in Sources */,
			);
			runOnlyForDeploymentPostprocessing = 0;
		};
/* End PBXSourcesBuildPhase section */

/* Begin PBXVariantGroup section */
		72C405E62A862E2E0044C891 /* Main.storyboard */ = {
			isa = PBXVariantGroup;
			children = (
				72C405E72A862E2E0044C891 /* Base */,
			);
			name = Main.storyboard;
			sourceTree = "<group>";
		};
		72C405EB2A862E310044C891 /* LaunchScreen.storyboard */ = {
			isa = PBXVariantGroup;
			children = (
				72C405EC2A862E310044C891 /* Base */,
			);
			name = LaunchScreen.storyboard;
			sourceTree = "<group>";
		};
/* End PBXVariantGroup section */

/* Begin XCBuildConfiguration section */
		72C405EF2A862E310044C891 /* Debug */ = {
			isa = XCBuildConfiguration;
			buildSettings = {
				ALWAYS_SEARCH_USER_PATHS = NO;
				CLANG_ANALYZER_NONNULL = YES;
				CLANG_ANALYZER_NUMBER_OBJECT_CONVERSION = YES_AGGRESSIVE;
				CLANG_CXX_LANGUAGE_STANDARD = "gnu++20";
				CLANG_ENABLE_MODULES = YES;
				CLANG_ENABLE_OBJC_ARC = YES;
				CLANG_ENABLE_OBJC_WEAK = YES;
				CLANG_WARN_BLOCK_CAPTURE_AUTORELEASING = YES;
				CLANG_WARN_BOOL_CONVERSION = YES;
				CLANG_WARN_COMMA = YES;
				CLANG_WARN_CONSTANT_CONVERSION = YES;
				CLANG_WARN_DEPRECATED_OBJC_IMPLEMENTATIONS = YES;
				CLANG_WARN_DIRECT_OBJC_ISA_USAGE = YES_ERROR;
				CLANG_WARN_DOCUMENTATION_COMMENTS = YES;
				CLANG_WARN_EMPTY_BODY = YES;
				CLANG_WARN_ENUM_CONVERSION = YES;
				CLANG_WARN_INFINITE_RECURSION = YES;
				CLANG_WARN_INT_CONVERSION = YES;
				CLANG_WARN_NON_LITERAL_NULL_CONVERSION = YES;
				CLANG_WARN_OBJC_IMPLICIT_RETAIN_SELF = YES;
				CLANG_WARN_OBJC_LITERAL_CONVERSION = YES;
				CLANG_WARN_OBJC_ROOT_CLASS = YES_ERROR;
				CLANG_WARN_QUOTED_INCLUDE_IN_FRAMEWORK_HEADER = YES;
				CLANG_WARN_RANGE_LOOP_ANALYSIS = YES;
				CLANG_WARN_STRICT_PROTOTYPES = YES;
				CLANG_WARN_SUSPICIOUS_MOVE = YES;
				CLANG_WARN_UNGUARDED_AVAILABILITY = YES_AGGRESSIVE;
				CLANG_WARN_UNREACHABLE_CODE = YES;
				CLANG_WARN__DUPLICATE_METHOD_MATCH = YES;
				COPY_PHASE_STRIP = NO;
				DEBUG_INFORMATION_FORMAT = dwarf;
				ENABLE_STRICT_OBJC_MSGSEND = YES;
				ENABLE_TESTABILITY = YES;
				GCC_C_LANGUAGE_STANDARD = gnu11;
				GCC_DYNAMIC_NO_PIC = NO;
				GCC_NO_COMMON_BLOCKS = YES;
				GCC_OPTIMIZATION_LEVEL = 0;
				GCC_PREPROCESSOR_DEFINITIONS = (
					"DEBUG=1",
					"$(inherited)",
				);
				GCC_WARN_64_TO_32_BIT_CONVERSION = YES;
				GCC_WARN_ABOUT_RETURN_TYPE = YES_ERROR;
				GCC_WARN_UNDECLARED_SELECTOR = YES;
				GCC_WARN_UNINITIALIZED_AUTOS = YES_AGGRESSIVE;
				GCC_WARN_UNUSED_FUNCTION = YES;
				GCC_WARN_UNUSED_VARIABLE = YES;
				IPHONEOS_DEPLOYMENT_TARGET = 16.4;
				MTL_ENABLE_DEBUG_INFO = INCLUDE_SOURCE;
				MTL_FAST_MATH = YES;
				ONLY_ACTIVE_ARCH = YES;
				SDKROOT = iphoneos;
				SWIFT_ACTIVE_COMPILATION_CONDITIONS = DEBUG;
				SWIFT_OPTIMIZATION_LEVEL = "-Onone";
			};
			name = Debug;
		};
		72C405F02A862E310044C891 /* Release */ = {
			isa = XCBuildConfiguration;
			buildSettings = {
				ALWAYS_SEARCH_USER_PATHS = NO;
				CLANG_ANALYZER_NONNULL = YES;
				CLANG_ANALYZER_NUMBER_OBJECT_CONVERSION = YES_AGGRESSIVE;
				CLANG_CXX_LANGUAGE_STANDARD = "gnu++20";
				CLANG_ENABLE_MODULES = YES;
				CLANG_ENABLE_OBJC_ARC = YES;
				CLANG_ENABLE_OBJC_WEAK = YES;
				CLANG_WARN_BLOCK_CAPTURE_AUTORELEASING = YES;
				CLANG_WARN_BOOL_CONVERSION = YES;
				CLANG_WARN_COMMA = YES;
				CLANG_WARN_CONSTANT_CONVERSION = YES;
				CLANG_WARN_DEPRECATED_OBJC_IMPLEMENTATIONS = YES;
				CLANG_WARN_DIRECT_OBJC_ISA_USAGE = YES_ERROR;
				CLANG_WARN_DOCUMENTATION_COMMENTS = YES;
				CLANG_WARN_EMPTY_BODY = YES;
				CLANG_WARN_ENUM_CONVERSION = YES;
				CLANG_WARN_INFINITE_RECURSION = YES;
				CLANG_WARN_INT_CONVERSION = YES;
				CLANG_WARN_NON_LITERAL_NULL_CONVERSION = YES;
				CLANG_WARN_OBJC_IMPLICIT_RETAIN_SELF = YES;
				CLANG_WARN_OBJC_LITERAL_CONVERSION = YES;
				CLANG_WARN_OBJC_ROOT_CLASS = YES_ERROR;
				CLANG_WARN_QUOTED_INCLUDE_IN_FRAMEWORK_HEADER = YES;
				CLANG_WARN_RANGE_LOOP_ANALYSIS = YES;
				CLANG_WARN_STRICT_PROTOTYPES = YES;
				CLANG_WARN_SUSPICIOUS_MOVE = YES;
				CLANG_WARN_UNGUARDED_AVAILABILITY = YES_AGGRESSIVE;
				CLANG_WARN_UNREACHABLE_CODE = YES;
				CLANG_WARN__DUPLICATE_METHOD_MATCH = YES;
				COPY_PHASE_STRIP = NO;
				DEBUG_INFORMATION_FORMAT = "dwarf-with-dsym";
				ENABLE_NS_ASSERTIONS = NO;
				ENABLE_STRICT_OBJC_MSGSEND = YES;
				GCC_C_LANGUAGE_STANDARD = gnu11;
				GCC_NO_COMMON_BLOCKS = YES;
				GCC_WARN_64_TO_32_BIT_CONVERSION = YES;
				GCC_WARN_ABOUT_RETURN_TYPE = YES_ERROR;
				GCC_WARN_UNDECLARED_SELECTOR = YES;
				GCC_WARN_UNINITIALIZED_AUTOS = YES_AGGRESSIVE;
				GCC_WARN_UNUSED_FUNCTION = YES;
				GCC_WARN_UNUSED_VARIABLE = YES;
				IPHONEOS_DEPLOYMENT_TARGET = 16.4;
				MTL_ENABLE_DEBUG_INFO = NO;
				MTL_FAST_MATH = YES;
				SDKROOT = iphoneos;
				SWIFT_COMPILATION_MODE = wholemodule;
				SWIFT_OPTIMIZATION_LEVEL = "-O";
				VALIDATE_PRODUCT = YES;
			};
			name = Release;
		};
		72C405F22A862E310044C891 /* Debug */ = {
			isa = XCBuildConfiguration;
			buildSettings = {
				ASSETCATALOG_COMPILER_APPICON_NAME = AppIcon;
				ASSETCATALOG_COMPILER_GLOBAL_ACCENT_COLOR_NAME = AccentColor;
				CODE_SIGN_STYLE = Automatic;
				CURRENT_PROJECT_VERSION = 1;
				GENERATE_INFOPLIST_FILE = YES;
				INFOPLIST_FILE = "Media Project/Info.plist";
				INFOPLIST_KEY_UIApplicationSupportsIndirectInputEvents = YES;
				INFOPLIST_KEY_UILaunchStoryboardName = LaunchScreen;
				INFOPLIST_KEY_UIMainStoryboardFile = Main;
				INFOPLIST_KEY_UISupportedInterfaceOrientations_iPad = "UIInterfaceOrientationPortrait UIInterfaceOrientationPortraitUpsideDown UIInterfaceOrientationLandscapeLeft UIInterfaceOrientationLandscapeRight";
				INFOPLIST_KEY_UISupportedInterfaceOrientations_iPhone = "UIInterfaceOrientationPortrait UIInterfaceOrientationLandscapeLeft UIInterfaceOrientationLandscapeRight";
				LD_RUNPATH_SEARCH_PATHS = (
					"$(inherited)",
					"@executable_path/Frameworks",
				);
				MARKETING_VERSION = 1.0;
				PRODUCT_BUNDLE_IDENTIFIER = "com.Media-Project";
				PRODUCT_NAME = "$(TARGET_NAME)";
				SWIFT_EMIT_LOC_STRINGS = YES;
				SWIFT_VERSION = 5.0;
				TARGETED_DEVICE_FAMILY = "1,2";
			};
			name = Debug;
		};
		72C405F32A862E310044C891 /* Release */ = {
			isa = XCBuildConfiguration;
			buildSettings = {
				ASSETCATALOG_COMPILER_APPICON_NAME = AppIcon;
				ASSETCATALOG_COMPILER_GLOBAL_ACCENT_COLOR_NAME = AccentColor;
				CODE_SIGN_STYLE = Automatic;
				CURRENT_PROJECT_VERSION = 1;
				GENERATE_INFOPLIST_FILE = YES;
				INFOPLIST_FILE = "Media Project/Info.plist";
				INFOPLIST_KEY_UIApplicationSupportsIndirectInputEvents = YES;
				INFOPLIST_KEY_UILaunchStoryboardName = LaunchScreen;
				INFOPLIST_KEY_UIMainStoryboardFile = Main;
				INFOPLIST_KEY_UISupportedInterfaceOrientations_iPad = "UIInterfaceOrientationPortrait UIInterfaceOrientationPortraitUpsideDown UIInterfaceOrientationLandscapeLeft UIInterfaceOrientationLandscapeRight";
				INFOPLIST_KEY_UISupportedInterfaceOrientations_iPhone = "UIInterfaceOrientationPortrait UIInterfaceOrientationLandscapeLeft UIInterfaceOrientationLandscapeRight";
				LD_RUNPATH_SEARCH_PATHS = (
					"$(inherited)",
					"@executable_path/Frameworks",
				);
				MARKETING_VERSION = 1.0;
				PRODUCT_BUNDLE_IDENTIFIER = "com.Media-Project";
				PRODUCT_NAME = "$(TARGET_NAME)";
				SWIFT_EMIT_LOC_STRINGS = YES;
				SWIFT_VERSION = 5.0;
				TARGETED_DEVICE_FAMILY = "1,2";
			};
			name = Release;
		};
/* End XCBuildConfiguration section */

/* Begin XCConfigurationList section */
		72C405D82A862E2E0044C891 /* Build configuration list for PBXProject "Media Project" */ = {
			isa = XCConfigurationList;
			buildConfigurations = (
				72C405EF2A862E310044C891 /* Debug */,
				72C405F02A862E310044C891 /* Release */,
			);
			defaultConfigurationIsVisible = 0;
			defaultConfigurationName = Release;
		};
		72C405F12A862E310044C891 /* Build configuration list for PBXNativeTarget "Media Project" */ = {
			isa = XCConfigurationList;
			buildConfigurations = (
				72C405F22A862E310044C891 /* Debug */,
				72C405F32A862E310044C891 /* Release */,
			);
			defaultConfigurationIsVisible = 0;
			defaultConfigurationName = Release;
		};
/* End XCConfigurationList section */

/* Begin XCRemoteSwiftPackageReference section */
		72C406072A8645910044C891 /* XCRemoteSwiftPackageReference "Alamofire" */ = {
			isa = XCRemoteSwiftPackageReference;
			repositoryURL = "https://github.com/Alamofire/Alamofire.git";
			requirement = {
				kind = upToNextMajorVersion;
				minimumVersion = 5.0.0;
			};
		};
		72C4061B2A876FC40044C891 /* XCRemoteSwiftPackageReference "Kingfisher" */ = {
			isa = XCRemoteSwiftPackageReference;
			repositoryURL = "https://github.com/onevcat/Kingfisher.git";
			requirement = {
				kind = upToNextMajorVersion;
				minimumVersion = 7.0.0;
			};
		};
/* End XCRemoteSwiftPackageReference section */

/* Begin XCSwiftPackageProductDependency section */
		72C406082A8645910044C891 /* Alamofire */ = {
			isa = XCSwiftPackageProductDependency;
			package = 72C406072A8645910044C891 /* XCRemoteSwiftPackageReference "Alamofire" */;
			productName = Alamofire;
		};
		72C4061C2A876FC40044C891 /* Kingfisher */ = {
			isa = XCSwiftPackageProductDependency;
			package = 72C4061B2A876FC40044C891 /* XCRemoteSwiftPackageReference "Kingfisher" */;
			productName = Kingfisher;
		};
/* End XCSwiftPackageProductDependency section */
	};
	rootObject = 72C405D52A862E2E0044C891 /* Project object */;
}
